
Microsoft Visual Studio Solution File, Format Version 12.00
# Visual Studio Version 17
VisualStudioVersion = 17.6.33815.320
MinimumVisualStudioVersion = 10.0.40219.1
Project("{FAE04EC0-301F-11D3-BF4B-00C04F79EFBC}") = "ASPSec9-crudOperation", "ASPSec9-crudOperation\ASPSec9-crudOperation.csproj", "{F211798C-90F5-4A33-AF6F-F8229425AF5C}"
EndProject
Global
	GlobalSection(SolutionConfigurationPlatforms) = preSolution
		Debug|Any CPU = Debug|Any CPU
		Release|Any CPU = Release|Any CPU
	EndGlobalSection
	GlobalSection(ProjectConfigurationPlatforms) = postSolution
		{F211798C-90F5-4A33-AF6F-F8229425AF5C}.Debug|Any CPU.ActiveCfg = Debug|Any CPU
		{F211798C-90F5-4A33-AF6F-F8229425AF5C}.Debug|Any CPU.Build.0 = Debug|Any CPU
		{F211798C-90F5-4A33-AF6F-F8229425AF5C}.Release|Any CPU.ActiveCfg = Release|Any CPU
		{F211798C-90F5-4A33-AF6F-F8229425AF5C}.Release|Any CPU.Build.0 = Release|Any CPU
	EndGlobalSection
	GlobalSection(SolutionProperties) = preSolution
		HideSolutionNode = FALSE
	EndGlobalSection
	GlobalSection(ExtensibilityGlobals) = postSolution
		SolutionGuid = {3617826A-B301-49E1-AD34-B6444182944E}
	EndGlobalSection
EndGlobal
