
Microsoft Visual Studio Solution File, Format Version 12.00
# Visual Studio Version 17
VisualStudioVersion = 17.6.33815.320
MinimumVisualStudioVersion = 10.0.40219.1
Project("{FAE04EC0-301F-11D3-BF4B-00C04F79EFBC}") = "CreatingWebService", "CreatingWebService\CreatingWebService.csproj", "{40400B6F-47BE-42D0-9BFA-B59B9AE8145C}"
EndProject
Global
	GlobalSection(SolutionConfigurationPlatforms) = preSolution
		Debug|Any CPU = Debug|Any CPU
		Release|Any CPU = Release|Any CPU
	EndGlobalSection
	GlobalSection(ProjectConfigurationPlatforms) = postSolution
		{40400B6F-47BE-42D0-9BFA-B59B9AE8145C}.Debug|Any CPU.ActiveCfg = Debug|Any CPU
		{40400B6F-47BE-42D0-9BFA-B59B9AE8145C}.Debug|Any CPU.Build.0 = Debug|Any CPU
		{40400B6F-47BE-42D0-9BFA-B59B9AE8145C}.Release|Any CPU.ActiveCfg = Release|Any CPU
		{40400B6F-47BE-42D0-9BFA-B59B9AE8145C}.Release|Any CPU.Build.0 = Release|Any CPU
	EndGlobalSection
	GlobalSection(SolutionProperties) = preSolution
		HideSolutionNode = FALSE
	EndGlobalSection
	GlobalSection(ExtensibilityGlobals) = postSolution
		SolutionGuid = {BB8F5B6D-6B80-4129-8D74-83476E4D331F}
	EndGlobalSection
EndGlobal
